
Microsoft Visual Studio Solution File, Format Version 12.00
# Visual Studio Version 17
VisualStudioVersion = 17.8.34511.84
MinimumVisualStudioVersion = 10.0.40219.1
Project("{9A19103F-16F7-4668-BE54-9A1E7A4F7556}") = "BlazorApp1.Server", "BlazorApp1\Server\BlazorApp1.Server.csproj", "{67C1BD48-B0FF-44E9-9D0F-B6AC8DC248E6}"
EndProject
Project("{9A19103F-16F7-4668-BE54-9A1E7A4F7556}") = "BlazorApp1.Client", "BlazorApp1\Client\BlazorApp1.Client.csproj", "{11692EAB-BCEA-473F-87C5-2437EF41CF8F}"
EndProject
Project("{9A19103F-16F7-4668-BE54-9A1E7A4F7556}") = "BlazorApp1.Shared", "BlazorApp1\Shared\BlazorApp1.Shared.csproj", "{BCF439DF-B957-4246-8CB5-B155DEAA5903}"
EndProject
Global
	GlobalSection(SolutionConfigurationPlatforms) = preSolution
		Debug|Any CPU = Debug|Any CPU
		Release|Any CPU = Release|Any CPU
	EndGlobalSection
	GlobalSection(ProjectConfigurationPlatforms) = postSolution
		{67C1BD48-B0FF-44E9-9D0F-B6AC8DC248E6}.Debug|Any CPU.ActiveCfg = Debug|Any CPU
		{67C1BD48-B0FF-44E9-9D0F-B6AC8DC248E6}.Debug|Any CPU.Build.0 = Debug|Any CPU
		{67C1BD48-B0FF-44E9-9D0F-B6AC8DC248E6}.Release|Any CPU.ActiveCfg = Release|Any CPU
		{67C1BD48-B0FF-44E9-9D0F-B6AC8DC248E6}.Release|Any CPU.Build.0 = Release|Any CPU
		{11692EAB-BCEA-473F-87C5-2437EF41CF8F}.Debug|Any CPU.ActiveCfg = Debug|Any CPU
		{11692EAB-BCEA-473F-87C5-2437EF41CF8F}.Debug|Any CPU.Build.0 = Debug|Any CPU
		{11692EAB-BCEA-473F-87C5-2437EF41CF8F}.Release|Any CPU.ActiveCfg = Release|Any CPU
		{11692EAB-BCEA-473F-87C5-2437EF41CF8F}.Release|Any CPU.Build.0 = Release|Any CPU
		{BCF439DF-B957-4246-8CB5-B155DEAA5903}.Debug|Any CPU.ActiveCfg = Debug|Any CPU
		{BCF439DF-B957-4246-8CB5-B155DEAA5903}.Debug|Any CPU.Build.0 = Debug|Any CPU
		{BCF439DF-B957-4246-8CB5-B155DEAA5903}.Release|Any CPU.ActiveCfg = Release|Any CPU
		{BCF439DF-B957-4246-8CB5-B155DEAA5903}.Release|Any CPU.Build.0 = Release|Any CPU
	EndGlobalSection
	GlobalSection(SolutionProperties) = preSolution
		HideSolutionNode = FALSE
	EndGlobalSection
	GlobalSection(ExtensibilityGlobals) = postSolution
		SolutionGuid = {31881890-68F4-4BAB-80BE-A87BD660E8D0}
	EndGlobalSection
EndGlobal
